{
  "data": {
    "instant": {
      "details": {
        "air_pressure_at_sea_level": 1000.4,
        "air_temperature": 8.2,
        "cloud_area_fraction": 100,
        "cloud_area_fraction_high": 100,
        "cloud_area_fraction_low": 37.5,
        "cloud_area_fraction_medium": 86.7,
        "dew_point_temperature": 5.5,
        "fog_area_fraction": 0,
        "relative_humidity": 83.4,
        "wind_from_direction": 105.1,
        "wind_speed": 2.8,
        "wind_speed_of_gust": null
      }
    },
    "next_12_hours": {
      "details": null,
      "summary": {
        "symbol_code": "lightrain"
      }
    },
    "next_1_hours": {
      "details": {
        "air_temperature_max": null,
        "air_temperature_min": null,
        "precipitation_amount": 0,
        "precipitation_amount_max": null,
        "precipitation_amount_min": null,
        "probability_of_precipitation": null,
        "probability_of_thunder": null,
        "ultraviolet_index_clear_sky_max": null
      },
      "summary": {
        "symbol_code": "cloudy"
      }
    },
    "next_6_hours": {
      "details": {
        "air_temperature_max": 7.8,
        "air_temperature_min": 6.6,
        "precipitation_amount": 0.3,
        "precipitation_amount_max": null,
        "precipitation_amount_min": null,
        "probability_of_precipitation": null,
        "probability_of_thunder": null,
        "ultraviolet_index_clear_sky_max": null
      },
      "summary": {
        "symbol_code": "cloudy"
      }
    }
  },
  "time": "2023-03-25T19:00:00Z"
}
